// !$*UTF8*$!
{
	archiveVersion = 1;
	classes = {
	};
	objectVersion = 46;
	objects = {

/* Begin PBXBuildFile section */
		05212FA5178ED1FA00667E58 /* FMDatabase.m in Sources */ = {isa = PBXBuildFile; fileRef = 05212F94178ED1FA00667E58 /* FMDatabase.m */; };
		05212FA6178ED1FA00667E58 /* FMDatabaseAdditions.m in Sources */ = {isa = PBXBuildFile; fileRef = 05212F96178ED1FA00667E58 /* FMDatabaseAdditions.m */; };
		05212FA7178ED1FA00667E58 /* FMDatabasePool.m in Sources */ = {isa = PBXBuildFile; fileRef = 05212F98178ED1FA00667E58 /* FMDatabasePool.m */; };
		05212FA8178ED1FA00667E58 /* FMDatabaseQueue.m in Sources */ = {isa = PBXBuildFile; fileRef = 05212F9A178ED1FA00667E58 /* FMDatabaseQueue.m */; };
		05212FAA178ED1FA00667E58 /* FMResultSet.m in Sources */ = {isa = PBXBuildFile; fileRef = 05212F9D178ED1FA00667E58 /* FMResultSet.m */; };
		05212FAB178ED1FA00667E58 /* libMobClickLibrary.a in Frameworks */ = {isa = PBXBuildFile; fileRef = 05212F9F178ED1FA00667E58 /* libMobClickLibrary.a */; };
		05212FAC178ED1FA00667E58 /* libWeChatSDK_armv7_armv7s.a in Frameworks */ = {isa = PBXBuildFile; fileRef = 05212FA2178ED1FA00667E58 /* libWeChatSDK_armv7_armv7s.a */; };
		05212FAF178ED21E00667E58 /* XLQMobClickUtil.m in Sources */ = {isa = PBXBuildFile; fileRef = 05212FAE178ED21E00667E58 /* XLQMobClickUtil.m */; };
		05212FB1178ED2BC00667E58 /* libz.dylib in Frameworks */ = {isa = PBXBuildFile; fileRef = 05212FB0178ED2BC00667E58 /* libz.dylib */; };
		05453E3A1786EB14007F7F72 /* UIKit.framework in Frameworks */ = {isa = PBXBuildFile; fileRef = 05453E391786EB14007F7F72 /* UIKit.framework */; };
		05453E3C1786EB14007F7F72 /* Foundation.framework in Frameworks */ = {isa = PBXBuildFile; fileRef = 05453E3B1786EB14007F7F72 /* Foundation.framework */; };
		05453E3E1786EB14007F7F72 /* CoreGraphics.framework in Frameworks */ = {isa = PBXBuildFile; fileRef = 05453E3D1786EB14007F7F72 /* CoreGraphics.framework */; };
		05453E441786EB14007F7F72 /* InfoPlist.strings in Resources */ = {isa = PBXBuildFile; fileRef = 05453E421786EB14007F7F72 /* InfoPlist.strings */; };
		05453E461786EB14007F7F72 /* main.m in Sources */ = {isa = PBXBuildFile; fileRef = 05453E451786EB14007F7F72 /* main.m */; };
		05453E4A1786EB14007F7F72 /* XLQAppDelegate.m in Sources */ = {isa = PBXBuildFile; fileRef = 05453E491786EB14007F7F72 /* XLQAppDelegate.m */; };
		05453E4C1786EB14007F7F72 /* Default.png in Resources */ = {isa = PBXBuildFile; fileRef = 05453E4B1786EB14007F7F72 /* Default.png */; };
		05453E4E1786EB14007F7F72 /* Default@2x.png in Resources */ = {isa = PBXBuildFile; fileRef = 05453E4D1786EB14007F7F72 /* Default@2x.png */; };
		05453E501786EB14007F7F72 /* Default-568h@2x.png in Resources */ = {isa = PBXBuildFile; fileRef = 05453E4F1786EB14007F7F72 /* Default-568h@2x.png */; };
		05453E581786EB49007F7F72 /* XLQMainController.m in Sources */ = {isa = PBXBuildFile; fileRef = 05453E571786EB49007F7F72 /* XLQMainController.m */; };
		05453E611786ED55007F7F72 /* angry.gif in Resources */ = {isa = PBXBuildFile; fileRef = 05453E5A1786ED55007F7F72 /* angry.gif */; };
		05453E621786ED55007F7F72 /* bg_click_here.png in Resources */ = {isa = PBXBuildFile; fileRef = 05453E5B1786ED55007F7F72 /* bg_click_here.png */; };
		05453E631786ED55007F7F72 /* button_next.png in Resources */ = {isa = PBXBuildFile; fileRef = 05453E5C1786ED55007F7F72 /* button_next.png */; };
		05453E641786ED55007F7F72 /* button_pre.png in Resources */ = {isa = PBXBuildFile; fileRef = 05453E5D1786ED55007F7F72 /* button_pre.png */; };
		05453E651786ED55007F7F72 /* happy.gif in Resources */ = {isa = PBXBuildFile; fileRef = 05453E5E1786ED55007F7F72 /* happy.gif */; };
		05453E661786ED55007F7F72 /* sad.gif in Resources */ = {isa = PBXBuildFile; fileRef = 05453E5F1786ED55007F7F72 /* sad.gif */; };
		05453E671786ED55007F7F72 /* share_to_time_line_icon.png in Resources */ = {isa = PBXBuildFile; fileRef = 05453E601786ED55007F7F72 /* share_to_time_line_icon.png */; };
		05453E6B1786ED81007F7F72 /* XLQCalendarCell.m in Sources */ = {isa = PBXBuildFile; fileRef = 05453E6A1786ED81007F7F72 /* XLQCalendarCell.m */; };
		05453E6E1786F136007F7F72 /* XLQWeekButton.m in Sources */ = {isa = PBXBuildFile; fileRef = 05453E6D1786F136007F7F72 /* XLQWeekButton.m */; };
		05453E711786F4B9007F7F72 /* XLQDayButton.m in Sources */ = {isa = PBXBuildFile; fileRef = 05453E701786F4B9007F7F72 /* XLQDayButton.m */; };
		05453E751786F7DD007F7F72 /* XLQDayData.m in Sources */ = {isa = PBXBuildFile; fileRef = 05453E741786F7DD007F7F72 /* XLQDayData.m */; };
		05453E781786F905007F7F72 /* XLQMood.m in Sources */ = {isa = PBXBuildFile; fileRef = 05453E771786F905007F7F72 /* XLQMood.m */; };
		05453E7B1786FC8D007F7F72 /* XLQCalendarData.m in Sources */ = {isa = PBXBuildFile; fileRef = 05453E7A1786FC8D007F7F72 /* XLQCalendarData.m */; };
		05453E91178715B3007F7F72 /* XLQDataBaseUtil.m in Sources */ = {isa = PBXBuildFile; fileRef = 05453E90178715B3007F7F72 /* XLQDataBaseUtil.m */; };
		05453E94178715FF007F7F72 /* XLQMoodDAO.m in Sources */ = {isa = PBXBuildFile; fileRef = 05453E93178715FF007F7F72 /* XLQMoodDAO.m */; };
		05453E9617871B98007F7F72 /* libsqlite3.dylib in Frameworks */ = {isa = PBXBuildFile; fileRef = 05453E9517871B98007F7F72 /* libsqlite3.dylib */; };
		056B41FD178F96F100BA796E /* emot.png in Resources */ = {isa = PBXBuildFile; fileRef = 056B41FC178F96F100BA796E /* emot.png */; };
		056B41FF178F978100BA796E /* emot@2x.png in Resources */ = {isa = PBXBuildFile; fileRef = 056B41FE178F978100BA796E /* emot@2x.png */; };
		E720EE73179DF210008DBDF8 /* IISideController.m in Sources */ = {isa = PBXBuildFile; fileRef = E720EE6E179DF210008DBDF8 /* IISideController.m */; };
		E720EE74179DF210008DBDF8 /* IIViewDeckController.m in Sources */ = {isa = PBXBuildFile; fileRef = E720EE70179DF210008DBDF8 /* IIViewDeckController.m */; };
		E720EE75179DF210008DBDF8 /* IIWrapController.m in Sources */ = {isa = PBXBuildFile; fileRef = E720EE72179DF210008DBDF8 /* IIWrapController.m */; };
		E720EE78179DF26D008DBDF8 /* XLQLeftMenuViewController.m in Sources */ = {isa = PBXBuildFile; fileRef = E720EE77179DF26D008DBDF8 /* XLQLeftMenuViewController.m */; };
		E720EE7A179DF355008DBDF8 /* QuartzCore.framework in Frameworks */ = {isa = PBXBuildFile; fileRef = E720EE79179DF355008DBDF8 /* QuartzCore.framework */; };
		E720EE7C179DF48C008DBDF8 /* icon_more.png in Resources */ = {isa = PBXBuildFile; fileRef = E720EE7B179DF48C008DBDF8 /* icon_more.png */; };
		E720EE7F179DFBD4008DBDF8 /* XLQHeadView.m in Sources */ = {isa = PBXBuildFile; fileRef = E720EE7E179DFBD4008DBDF8 /* XLQHeadView.m */; };
		E720EE82179F5799008DBDF8 /* XLQMenuContent.m in Sources */ = {isa = PBXBuildFile; fileRef = E720EE81179F5799008DBDF8 /* XLQMenuContent.m */; };
		E788228D17A4B84C002A04DB /* icon_year.png in Resources */ = {isa = PBXBuildFile; fileRef = E788228C17A4B84C002A04DB /* icon_year.png */; };
		E788229017A4BB48002A04DB /* XLQLeftMenuCell.m in Sources */ = {isa = PBXBuildFile; fileRef = E788228F17A4BB48002A04DB /* XLQLeftMenuCell.m */; };
		E788229817A564F8002A04DB /* bg_default.jpg in Resources */ = {isa = PBXBuildFile; fileRef = E788229717A564F8002A04DB /* bg_default.jpg */; };
		E78822A117A68C17002A04DB /* angry.png in Resources */ = {isa = PBXBuildFile; fileRef = E788229917A68C16002A04DB /* angry.png */; };
		E78822A217A68C17002A04DB /* angry@2x.png in Resources */ = {isa = PBXBuildFile; fileRef = E788229A17A68C17002A04DB /* angry@2x.png */; };
		E78822A317A68C17002A04DB /* happy.png in Resources */ = {isa = PBXBuildFile; fileRef = E788229B17A68C17002A04DB /* happy.png */; };
		E78822A417A68C17002A04DB /* happy@2x.png in Resources */ = {isa = PBXBuildFile; fileRef = E788229C17A68C17002A04DB /* happy@2x.png */; };
		E78822A517A68C17002A04DB /* icon_close.png in Resources */ = {isa = PBXBuildFile; fileRef = E788229D17A68C17002A04DB /* icon_close.png */; };
		E78822A617A68C17002A04DB /* icon_open.png in Resources */ = {isa = PBXBuildFile; fileRef = E788229E17A68C17002A04DB /* icon_open.png */; };
		E78822A717A68C17002A04DB /* sad.png in Resources */ = {isa = PBXBuildFile; fileRef = E788229F17A68C17002A04DB /* sad.png */; };
		E78822A817A68C17002A04DB /* sad@2x.png in Resources */ = {isa = PBXBuildFile; fileRef = E78822A017A68C17002A04DB /* sad@2x.png */; };
		E78822AE17A6A26F002A04DB /* UIImage+Compress.m in Sources */ = {isa = PBXBuildFile; fileRef = E78822AD17A6A26F002A04DB /* UIImage+Compress.m */; };
		E78822B317A6B292002A04DB /* XLQMessageDialogo.m in Sources */ = {isa = PBXBuildFile; fileRef = E78822B017A6B292002A04DB /* XLQMessageDialogo.m */; };
		E78822B417A6B292002A04DB /* MBProgressHUD.m in Sources */ = {isa = PBXBuildFile; fileRef = E78822B217A6B292002A04DB /* MBProgressHUD.m */; };
		E7DD66831794431E003EEFCC /* XLQDayDescViewController.m in Sources */ = {isa = PBXBuildFile; fileRef = E7DD66821794431D003EEFCC /* XLQDayDescViewController.m */; };
		E7DD668717945CEA003EEFCC /* XLQUtil.m in Sources */ = {isa = PBXBuildFile; fileRef = E7DD668617945CEA003EEFCC /* XLQUtil.m */; };
/* End PBXBuildFile section */

/* Begin PBXFileReference section */
		05212F93178ED1FA00667E58 /* FMDatabase.h */ = {isa = PBXFileReference; fileEncoding = 4; lastKnownFileType = sourcecode.c.h; path = FMDatabase.h; sourceTree = "<group>"; };
		05212F94178ED1FA00667E58 /* FMDatabase.m */ = {isa = PBXFileReference; fileEncoding = 4; lastKnownFileType = sourcecode.c.objc; path = FMDatabase.m; sourceTree = "<group>"; };
		05212F95178ED1FA00667E58 /* FMDatabaseAdditions.h */ = {isa = PBXFileReference; fileEncoding = 4; lastKnownFileType = sourcecode.c.h; path = FMDatabaseAdditions.h; sourceTree = "<group>"; };
		05212F96178ED1FA00667E58 /* FMDatabaseAdditions.m */ = {isa = PBXFileReference; fileEncoding = 4; lastKnownFileType = sourcecode.c.objc; path = FMDatabaseAdditions.m; sourceTree = "<group>"; };
		05212F97178ED1FA00667E58 /* FMDatabasePool.h */ = {isa = PBXFileReference; fileEncoding = 4; lastKnownFileType = sourcecode.c.h; path = FMDatabasePool.h; sourceTree = "<group>"; };
		05212F98178ED1FA00667E58 /* FMDatabasePool.m */ = {isa = PBXFileReference; fileEncoding = 4; lastKnownFileType = sourcecode.c.objc; path = FMDatabasePool.m; sourceTree = "<group>"; };
		05212F99178ED1FA00667E58 /* FMDatabaseQueue.h */ = {isa = PBXFileReference; fileEncoding = 4; lastKnownFileType = sourcecode.c.h; path = FMDatabaseQueue.h; sourceTree = "<group>"; };
		05212F9A178ED1FA00667E58 /* FMDatabaseQueue.m */ = {isa = PBXFileReference; fileEncoding = 4; lastKnownFileType = sourcecode.c.objc; path = FMDatabaseQueue.m; sourceTree = "<group>"; };
		05212F9C178ED1FA00667E58 /* FMResultSet.h */ = {isa = PBXFileReference; fileEncoding = 4; lastKnownFileType = sourcecode.c.h; path = FMResultSet.h; sourceTree = "<group>"; };
		05212F9D178ED1FA00667E58 /* FMResultSet.m */ = {isa = PBXFileReference; fileEncoding = 4; lastKnownFileType = sourcecode.c.objc; path = FMResultSet.m; sourceTree = "<group>"; };
		05212F9F178ED1FA00667E58 /* libMobClickLibrary.a */ = {isa = PBXFileReference; lastKnownFileType = archive.ar; path = libMobClickLibrary.a; sourceTree = "<group>"; };
		05212FA0178ED1FA00667E58 /* MobClick.h */ = {isa = PBXFileReference; fileEncoding = 4; lastKnownFileType = sourcecode.c.h; path = MobClick.h; sourceTree = "<group>"; };
		05212FA2178ED1FA00667E58 /* libWeChatSDK_armv7_armv7s.a */ = {isa = PBXFileReference; lastKnownFileType = archive.ar; path = libWeChatSDK_armv7_armv7s.a; sourceTree = "<group>"; };
		05212FA3178ED1FA00667E58 /* WXApi.h */ = {isa = PBXFileReference; fileEncoding = 4; lastKnownFileType = sourcecode.c.h; path = WXApi.h; sourceTree = "<group>"; };
		05212FA4178ED1FA00667E58 /* WXApiObject.h */ = {isa = PBXFileReference; fileEncoding = 4; lastKnownFileType = sourcecode.c.h; path = WXApiObject.h; sourceTree = "<group>"; };
		05212FAD178ED21E00667E58 /* XLQMobClickUtil.h */ = {isa = PBXFileReference; fileEncoding = 4; lastKnownFileType = sourcecode.c.h; name = XLQMobClickUtil.h; path = AngryGirl/XLQMobClickUtil.h; sourceTree = SOURCE_ROOT; };
		05212FAE178ED21E00667E58 /* XLQMobClickUtil.m */ = {isa = PBXFileReference; fileEncoding = 4; lastKnownFileType = sourcecode.c.objc; name = XLQMobClickUtil.m; path = AngryGirl/XLQMobClickUtil.m; sourceTree = SOURCE_ROOT; };
		05212FB0178ED2BC00667E58 /* libz.dylib */ = {isa = PBXFileReference; lastKnownFileType = "compiled.mach-o.dylib"; name = libz.dylib; path = usr/lib/libz.dylib; sourceTree = SDKROOT; };
		05453E361786EB14007F7F72 /* Angrygirl.app */ = {isa = PBXFileReference; explicitFileType = wrapper.application; includeInIndex = 0; path = Angrygirl.app; sourceTree = BUILT_PRODUCTS_DIR; };
		05453E391786EB14007F7F72 /* UIKit.framework */ = {isa = PBXFileReference; lastKnownFileType = wrapper.framework; name = UIKit.framework; path = System/Library/Frameworks/UIKit.framework; sourceTree = SDKROOT; };
		05453E3B1786EB14007F7F72 /* Foundation.framework */ = {isa = PBXFileReference; lastKnownFileType = wrapper.framework; name = Foundation.framework; path = System/Library/Frameworks/Foundation.framework; sourceTree = SDKROOT; };
		05453E3D1786EB14007F7F72 /* CoreGraphics.framework */ = {isa = PBXFileReference; lastKnownFileType = wrapper.framework; name = CoreGraphics.framework; path = System/Library/Frameworks/CoreGraphics.framework; sourceTree = SDKROOT; };
		05453E411786EB14007F7F72 /* AngryGirl-Info.plist */ = {isa = PBXFileReference; lastKnownFileType = text.plist.xml; path = "AngryGirl-Info.plist"; sourceTree = "<group>"; };
		05453E431786EB14007F7F72 /* en */ = {isa = PBXFileReference; lastKnownFileType = text.plist.strings; name = en; path = en.lproj/InfoPlist.strings; sourceTree = "<group>"; };
		05453E451786EB14007F7F72 /* main.m */ = {isa = PBXFileReference; lastKnownFileType = sourcecode.c.objc; path = main.m; sourceTree = "<group>"; };
		05453E471786EB14007F7F72 /* AngryGirl-Prefix.pch */ = {isa = PBXFileReference; lastKnownFileType = sourcecode.c.h; path = "AngryGirl-Prefix.pch"; sourceTree = "<group>"; };
		05453E481786EB14007F7F72 /* XLQAppDelegate.h */ = {isa = PBXFileReference; lastKnownFileType = sourcecode.c.h; path = XLQAppDelegate.h; sourceTree = "<group>"; };
		05453E491786EB14007F7F72 /* XLQAppDelegate.m */ = {isa = PBXFileReference; lastKnownFileType = sourcecode.c.objc; path = XLQAppDelegate.m; sourceTree = "<group>"; };
		05453E4B1786EB14007F7F72 /* Default.png */ = {isa = PBXFileReference; lastKnownFileType = image.png; path = Default.png; sourceTree = "<group>"; };
		05453E4D1786EB14007F7F72 /* Default@2x.png */ = {isa = PBXFileReference; lastKnownFileType = image.png; path = "Default@2x.png"; sourceTree = "<group>"; };
		05453E4F1786EB14007F7F72 /* Default-568h@2x.png */ = {isa = PBXFileReference; lastKnownFileType = image.png; path = "Default-568h@2x.png"; sourceTree = "<group>"; };
		05453E561786EB49007F7F72 /* XLQMainController.h */ = {isa = PBXFileReference; fileEncoding = 4; lastKnownFileType = sourcecode.c.h; path = XLQMainController.h; sourceTree = "<group>"; };
		05453E571786EB49007F7F72 /* XLQMainController.m */ = {isa = PBXFileReference; fileEncoding = 4; lastKnownFileType = sourcecode.c.objc; path = XLQMainController.m; sourceTree = "<group>"; };
		05453E5A1786ED55007F7F72 /* angry.gif */ = {isa = PBXFileReference; lastKnownFileType = image.gif; path = angry.gif; sourceTree = "<group>"; };
		05453E5B1786ED55007F7F72 /* bg_click_here.png */ = {isa = PBXFileReference; lastKnownFileType = image.png; path = bg_click_here.png; sourceTree = "<group>"; };
		05453E5C1786ED55007F7F72 /* button_next.png */ = {isa = PBXFileReference; lastKnownFileType = image.png; path = button_next.png; sourceTree = "<group>"; };
		05453E5D1786ED55007F7F72 /* button_pre.png */ = {isa = PBXFileReference; lastKnownFileType = image.png; path = button_pre.png; sourceTree = "<group>"; };
		05453E5E1786ED55007F7F72 /* happy.gif */ = {isa = PBXFileReference; lastKnownFileType = image.gif; path = happy.gif; sourceTree = "<group>"; };
		05453E5F1786ED55007F7F72 /* sad.gif */ = {isa = PBXFileReference; lastKnownFileType = image.gif; path = sad.gif; sourceTree = "<group>"; };
		05453E601786ED55007F7F72 /* share_to_time_line_icon.png */ = {isa = PBXFileReference; lastKnownFileType = image.png; path = share_to_time_line_icon.png; sourceTree = "<group>"; };
		05453E691786ED81007F7F72 /* XLQCalendarCell.h */ = {isa = PBXFileReference; fileEncoding = 4; lastKnownFileType = sourcecode.c.h; path = XLQCalendarCell.h; sourceTree = "<group>"; };
		05453E6A1786ED81007F7F72 /* XLQCalendarCell.m */ = {isa = PBXFileReference; fileEncoding = 4; lastKnownFileType = sourcecode.c.objc; path = XLQCalendarCell.m; sourceTree = "<group>"; };
		05453E6C1786F136007F7F72 /* XLQWeekButton.h */ = {isa = PBXFileReference; fileEncoding = 4; lastKnownFileType = sourcecode.c.h; path = XLQWeekButton.h; sourceTree = "<group>"; };
		05453E6D1786F136007F7F72 /* XLQWeekButton.m */ = {isa = PBXFileReference; fileEncoding = 4; lastKnownFileType = sourcecode.c.objc; path = XLQWeekButton.m; sourceTree = "<group>"; };
		05453E6F1786F4B9007F7F72 /* XLQDayButton.h */ = {isa = PBXFileReference; fileEncoding = 4; lastKnownFileType = sourcecode.c.h; path = XLQDayButton.h; sourceTree = "<group>"; };
		05453E701786F4B9007F7F72 /* XLQDayButton.m */ = {isa = PBXFileReference; fileEncoding = 4; lastKnownFileType = sourcecode.c.objc; path = XLQDayButton.m; sourceTree = "<group>"; };
		05453E731786F7DD007F7F72 /* XLQDayData.h */ = {isa = PBXFileReference; fileEncoding = 4; lastKnownFileType = sourcecode.c.h; path = XLQDayData.h; sourceTree = "<group>"; };
		05453E741786F7DD007F7F72 /* XLQDayData.m */ = {isa = PBXFileReference; fileEncoding = 4; lastKnownFileType = sourcecode.c.objc; path = XLQDayData.m; sourceTree = "<group>"; };
		05453E761786F905007F7F72 /* XLQMood.h */ = {isa = PBXFileReference; fileEncoding = 4; lastKnownFileType = sourcecode.c.h; path = XLQMood.h; sourceTree = "<group>"; };
		05453E771786F905007F7F72 /* XLQMood.m */ = {isa = PBXFileReference; fileEncoding = 4; lastKnownFileType = sourcecode.c.objc; path = XLQMood.m; sourceTree = "<group>"; };
		05453E791786FC8D007F7F72 /* XLQCalendarData.h */ = {isa = PBXFileReference; fileEncoding = 4; lastKnownFileType = sourcecode.c.h; path = XLQCalendarData.h; sourceTree = "<group>"; };
		05453E7A1786FC8D007F7F72 /* XLQCalendarData.m */ = {isa = PBXFileReference; fileEncoding = 4; lastKnownFileType = sourcecode.c.objc; path = XLQCalendarData.m; sourceTree = "<group>"; };
		05453E8F178715B3007F7F72 /* XLQDataBaseUtil.h */ = {isa = PBXFileReference; fileEncoding = 4; lastKnownFileType = sourcecode.c.h; path = XLQDataBaseUtil.h; sourceTree = "<group>"; };
		05453E90178715B3007F7F72 /* XLQDataBaseUtil.m */ = {isa = PBXFileReference; fileEncoding = 4; lastKnownFileType = sourcecode.c.objc; path = XLQDataBaseUtil.m; sourceTree = "<group>"; };
		05453E92178715FF007F7F72 /* XLQMoodDAO.h */ = {isa = PBXFileReference; fileEncoding = 4; lastKnownFileType = sourcecode.c.h; path = XLQMoodDAO.h; sourceTree = "<group>"; };
		05453E93178715FF007F7F72 /* XLQMoodDAO.m */ = {isa = PBXFileReference; fileEncoding = 4; lastKnownFileType = sourcecode.c.objc; path = XLQMoodDAO.m; sourceTree = "<group>"; };
		05453E9517871B98007F7F72 /* libsqlite3.dylib */ = {isa = PBXFileReference; lastKnownFileType = "compiled.mach-o.dylib"; name = libsqlite3.dylib; path = usr/lib/libsqlite3.dylib; sourceTree = SDKROOT; };
		056B41FC178F96F100BA796E /* emot.png */ = {isa = PBXFileReference; lastKnownFileType = image.png; name = emot.png; path = ../../emot.png; sourceTree = "<group>"; };
		056B41FE178F978100BA796E /* emot@2x.png */ = {isa = PBXFileReference; lastKnownFileType = image.png; name = "emot@2x.png"; path = "../../emot@2x.png"; sourceTree = "<group>"; };
		E720EE6D179DF210008DBDF8 /* IISideController.h */ = {isa = PBXFileReference; fileEncoding = 4; lastKnownFileType = sourcecode.c.h; path = IISideController.h; sourceTree = "<group>"; };
		E720EE6E179DF210008DBDF8 /* IISideController.m */ = {isa = PBXFileReference; fileEncoding = 4; lastKnownFileType = sourcecode.c.objc; path = IISideController.m; sourceTree = "<group>"; };
		E720EE6F179DF210008DBDF8 /* IIViewDeckController.h */ = {isa = PBXFileReference; fileEncoding = 4; lastKnownFileType = sourcecode.c.h; path = IIViewDeckController.h; sourceTree = "<group>"; };
		E720EE70179DF210008DBDF8 /* IIViewDeckController.m */ = {isa = PBXFileReference; fileEncoding = 4; lastKnownFileType = sourcecode.c.objc; path = IIViewDeckController.m; sourceTree = "<group>"; };
		E720EE71179DF210008DBDF8 /* IIWrapController.h */ = {isa = PBXFileReference; fileEncoding = 4; lastKnownFileType = sourcecode.c.h; path = IIWrapController.h; sourceTree = "<group>"; };
		E720EE72179DF210008DBDF8 /* IIWrapController.m */ = {isa = PBXFileReference; fileEncoding = 4; lastKnownFileType = sourcecode.c.objc; path = IIWrapController.m; sourceTree = "<group>"; };
		E720EE76179DF26D008DBDF8 /* XLQLeftMenuViewController.h */ = {isa = PBXFileReference; fileEncoding = 4; lastKnownFileType = sourcecode.c.h; path = XLQLeftMenuViewController.h; sourceTree = "<group>"; };
		E720EE77179DF26D008DBDF8 /* XLQLeftMenuViewController.m */ = {isa = PBXFileReference; fileEncoding = 4; lastKnownFileType = sourcecode.c.objc; path = XLQLeftMenuViewController.m; sourceTree = "<group>"; };
		E720EE79179DF355008DBDF8 /* QuartzCore.framework */ = {isa = PBXFileReference; lastKnownFileType = wrapper.framework; name = QuartzCore.framework; path = System/Library/Frameworks/QuartzCore.framework; sourceTree = SDKROOT; };
		E720EE7B179DF48C008DBDF8 /* icon_more.png */ = {isa = PBXFileReference; lastKnownFileType = image.png; path = icon_more.png; sourceTree = "<group>"; };
		E720EE7D179DFBD4008DBDF8 /* XLQHeadView.h */ = {isa = PBXFileReference; fileEncoding = 4; lastKnownFileType = sourcecode.c.h; path = XLQHeadView.h; sourceTree = "<group>"; };
		E720EE7E179DFBD4008DBDF8 /* XLQHeadView.m */ = {isa = PBXFileReference; fileEncoding = 4; lastKnownFileType = sourcecode.c.objc; path = XLQHeadView.m; sourceTree = "<group>"; };
		E720EE80179F5799008DBDF8 /* XLQMenuContent.h */ = {isa = PBXFileReference; fileEncoding = 4; lastKnownFileType = sourcecode.c.h; path = XLQMenuContent.h; sourceTree = "<group>"; };
		E720EE81179F5799008DBDF8 /* XLQMenuContent.m */ = {isa = PBXFileReference; fileEncoding = 4; lastKnownFileType = sourcecode.c.objc; path = XLQMenuContent.m; sourceTree = "<group>"; };
		E788228C17A4B84C002A04DB /* icon_year.png */ = {isa = PBXFileReference; lastKnownFileType = image.png; path = icon_year.png; sourceTree = "<group>"; };
		E788228E17A4BB48002A04DB /* XLQLeftMenuCell.h */ = {isa = PBXFileReference; fileEncoding = 4; lastKnownFileType = sourcecode.c.h; path = XLQLeftMenuCell.h; sourceTree = "<group>"; };
		E788228F17A4BB48002A04DB /* XLQLeftMenuCell.m */ = {isa = PBXFileReference; fileEncoding = 4; lastKnownFileType = sourcecode.c.objc; path = XLQLeftMenuCell.m; sourceTree = "<group>"; };
		E788229717A564F8002A04DB /* bg_default.jpg */ = {isa = PBXFileReference; lastKnownFileType = image.jpeg; path = bg_default.jpg; sourceTree = "<group>"; };
		E788229917A68C16002A04DB /* angry.png */ = {isa = PBXFileReference; lastKnownFileType = image.png; path = angry.png; sourceTree = "<group>"; };
		E788229A17A68C17002A04DB /* angry@2x.png */ = {isa = PBXFileReference; lastKnownFileType = image.png; path = "angry@2x.png"; sourceTree = "<group>"; };
		E788229B17A68C17002A04DB /* happy.png */ = {isa = PBXFileReference; lastKnownFileType = image.png; path = happy.png; sourceTree = "<group>"; };
		E788229C17A68C17002A04DB /* happy@2x.png */ = {isa = PBXFileReference; lastKnownFileType = image.png; path = "happy@2x.png"; sourceTree = "<group>"; };
		E788229D17A68C17002A04DB /* icon_close.png */ = {isa = PBXFileReference; lastKnownFileType = image.png; path = icon_close.png; sourceTree = "<group>"; };
		E788229E17A68C17002A04DB /* icon_open.png */ = {isa = PBXFileReference; lastKnownFileType = image.png; path = icon_open.png; sourceTree = "<group>"; };
		E788229F17A68C17002A04DB /* sad.png */ = {isa = PBXFileReference; lastKnownFileType = image.png; path = sad.png; sourceTree = "<group>"; };
		E78822A017A68C17002A04DB /* sad@2x.png */ = {isa = PBXFileReference; lastKnownFileType = image.png; path = "sad@2x.png"; sourceTree = "<group>"; };
		E78822AC17A6A26F002A04DB /* UIImage+Compress.h */ = {isa = PBXFileReference; fileEncoding = 4; lastKnownFileType = sourcecode.c.h; path = "UIImage+Compress.h"; sourceTree = "<group>"; };
		E78822AD17A6A26F002A04DB /* UIImage+Compress.m */ = {isa = PBXFileReference; fileEncoding = 4; lastKnownFileType = sourcecode.c.objc; path = "UIImage+Compress.m"; sourceTree = "<group>"; };
		E78822AF17A6B292002A04DB /* XLQMessageDialogo.h */ = {isa = PBXFileReference; fileEncoding = 4; lastKnownFileType = sourcecode.c.h; path = XLQMessageDialogo.h; sourceTree = "<group>"; };
		E78822B017A6B292002A04DB /* XLQMessageDialogo.m */ = {isa = PBXFileReference; fileEncoding = 4; lastKnownFileType = sourcecode.c.objc; path = XLQMessageDialogo.m; sourceTree = "<group>"; };
		E78822B117A6B292002A04DB /* MBProgressHUD.h */ = {isa = PBXFileReference; fileEncoding = 4; lastKnownFileType = sourcecode.c.h; path = MBProgressHUD.h; sourceTree = "<group>"; };
		E78822B217A6B292002A04DB /* MBProgressHUD.m */ = {isa = PBXFileReference; fileEncoding = 4; lastKnownFileType = sourcecode.c.objc; path = MBProgressHUD.m; sourceTree = "<group>"; };
		E7DD66811794431D003EEFCC /* XLQDayDescViewController.h */ = {isa = PBXFileReference; fileEncoding = 4; lastKnownFileType = sourcecode.c.h; path = XLQDayDescViewController.h; sourceTree = "<group>"; };
		E7DD66821794431D003EEFCC /* XLQDayDescViewController.m */ = {isa = PBXFileReference; fileEncoding = 4; lastKnownFileType = sourcecode.c.objc; path = XLQDayDescViewController.m; sourceTree = "<group>"; };
		E7DD668517945CEA003EEFCC /* XLQUtil.h */ = {isa = PBXFileReference; fileEncoding = 4; lastKnownFileType = sourcecode.c.h; path = XLQUtil.h; sourceTree = "<group>"; };
		E7DD668617945CEA003EEFCC /* XLQUtil.m */ = {isa = PBXFileReference; fileEncoding = 4; lastKnownFileType = sourcecode.c.objc; path = XLQUtil.m; sourceTree = "<group>"; };
/* End PBXFileReference section */

/* Begin PBXFrameworksBuildPhase section */
		05453E331786EB14007F7F72 /* Frameworks */ = {
			isa = PBXFrameworksBuildPhase;
			buildActionMask = 2147483647;
			files = (
				E720EE7A179DF355008DBDF8 /* QuartzCore.framework in Frameworks */,
				05212FB1178ED2BC00667E58 /* libz.dylib in Frameworks */,
				05453E9617871B98007F7F72 /* libsqlite3.dylib in Frameworks */,
				05453E3A1786EB14007F7F72 /* UIKit.framework in Frameworks */,
				05453E3C1786EB14007F7F72 /* Foundation.framework in Frameworks */,
				05453E3E1786EB14007F7F72 /* CoreGraphics.framework in Frameworks */,
				05212FAB178ED1FA00667E58 /* libMobClickLibrary.a in Frameworks */,
				05212FAC178ED1FA00667E58 /* libWeChatSDK_armv7_armv7s.a in Frameworks */,
			);
			runOnlyForDeploymentPostprocessing = 0;
		};
/* End PBXFrameworksBuildPhase section */

/* Begin PBXGroup section */
		05212F91178ED1FA00667E58 /* lib */ = {
			isa = PBXGroup;
			children = (
				E720EE6C179DF210008DBDF8 /* ViewDeck */,
				05212F92178ED1FA00667E58 /* FMDB */,
				05212F9E178ED1FA00667E58 /* umeng */,
				05212FA1178ED1FA00667E58 /* weixin */,
			);
			path = lib;
			sourceTree = SOURCE_ROOT;
		};
		05212F92178ED1FA00667E58 /* FMDB */ = {
			isa = PBXGroup;
			children = (
				05212F93178ED1FA00667E58 /* FMDatabase.h */,
				05212F94178ED1FA00667E58 /* FMDatabase.m */,
				05212F95178ED1FA00667E58 /* FMDatabaseAdditions.h */,
				05212F96178ED1FA00667E58 /* FMDatabaseAdditions.m */,
				05212F97178ED1FA00667E58 /* FMDatabasePool.h */,
				05212F98178ED1FA00667E58 /* FMDatabasePool.m */,
				05212F99178ED1FA00667E58 /* FMDatabaseQueue.h */,
				05212F9A178ED1FA00667E58 /* FMDatabaseQueue.m */,
				05212F9C178ED1FA00667E58 /* FMResultSet.h */,
				05212F9D178ED1FA00667E58 /* FMResultSet.m */,
			);
			path = FMDB;
			sourceTree = "<group>";
		};
		05212F9E178ED1FA00667E58 /* umeng */ = {
			isa = PBXGroup;
			children = (
				05212F9F178ED1FA00667E58 /* libMobClickLibrary.a */,
				05212FA0178ED1FA00667E58 /* MobClick.h */,
			);
			path = umeng;
			sourceTree = "<group>";
		};
		05212FA1178ED1FA00667E58 /* weixin */ = {
			isa = PBXGroup;
			children = (
				05212FA2178ED1FA00667E58 /* libWeChatSDK_armv7_armv7s.a */,
				05212FA3178ED1FA00667E58 /* WXApi.h */,
				05212FA4178ED1FA00667E58 /* WXApiObject.h */,
			);
			path = weixin;
			sourceTree = "<group>";
		};
		05453E2D1786EB14007F7F72 = {
			isa = PBXGroup;
			children = (
				05453E3F1786EB14007F7F72 /* AngryGirl */,
				05453E381786EB14007F7F72 /* Frameworks */,
				05453E371786EB14007F7F72 /* Products */,
			);
			sourceTree = "<group>";
		};
		05453E371786EB14007F7F72 /* Products */ = {
			isa = PBXGroup;
			children = (
				05453E361786EB14007F7F72 /* Angrygirl.app */,
			);
			name = Products;
			sourceTree = "<group>";
		};
		05453E381786EB14007F7F72 /* Frameworks */ = {
			isa = PBXGroup;
			children = (
				05212FB0178ED2BC00667E58 /* libz.dylib */,
				05453E9517871B98007F7F72 /* libsqlite3.dylib */,
				E720EE79179DF355008DBDF8 /* QuartzCore.framework */,
				05453E391786EB14007F7F72 /* UIKit.framework */,
				05453E3B1786EB14007F7F72 /* Foundation.framework */,
				05453E3D1786EB14007F7F72 /* CoreGraphics.framework */,
			);
			name = Frameworks;
			sourceTree = "<group>";
		};
		05453E3F1786EB14007F7F72 /* AngryGirl */ = {
			isa = PBXGroup;
			children = (
				05212F91178ED1FA00667E58 /* lib */,
				05453E7C178713E8007F7F72 /* dao */,
				05453E721786F7BC007F7F72 /* model */,
				05453E681786ED5C007F7F72 /* view */,
				05453E591786ED55007F7F72 /* image */,
				E7DD668417945C77003EEFCC /* util */,
				05453E481786EB14007F7F72 /* XLQAppDelegate.h */,
				05453E491786EB14007F7F72 /* XLQAppDelegate.m */,
				05453E561786EB49007F7F72 /* XLQMainController.h */,
				05453E571786EB49007F7F72 /* XLQMainController.m */,
				E7DD66811794431D003EEFCC /* XLQDayDescViewController.h */,
				E7DD66821794431D003EEFCC /* XLQDayDescViewController.m */,
				E720EE76179DF26D008DBDF8 /* XLQLeftMenuViewController.h */,
				E720EE77179DF26D008DBDF8 /* XLQLeftMenuViewController.m */,
				05453E401786EB14007F7F72 /* Supporting Files */,
			);
			path = AngryGirl;
			sourceTree = "<group>";
		};
		05453E401786EB14007F7F72 /* Supporting Files */ = {
			isa = PBXGroup;
			children = (
				05453E411786EB14007F7F72 /* AngryGirl-Info.plist */,
				05453E421786EB14007F7F72 /* InfoPlist.strings */,
				05453E451786EB14007F7F72 /* main.m */,
				05453E471786EB14007F7F72 /* AngryGirl-Prefix.pch */,
				05453E4B1786EB14007F7F72 /* Default.png */,
				05453E4D1786EB14007F7F72 /* Default@2x.png */,
				05453E4F1786EB14007F7F72 /* Default-568h@2x.png */,
			);
			name = "Supporting Files";
			sourceTree = "<group>";
		};
		05453E591786ED55007F7F72 /* image */ = {
			isa = PBXGroup;
			children = (
				E788229917A68C16002A04DB /* angry.png */,
				E788229A17A68C17002A04DB /* angry@2x.png */,
				E788229B17A68C17002A04DB /* happy.png */,
				E788229C17A68C17002A04DB /* happy@2x.png */,
				E788229D17A68C17002A04DB /* icon_close.png */,
				E788229E17A68C17002A04DB /* icon_open.png */,
				E788229F17A68C17002A04DB /* sad.png */,
				E78822A017A68C17002A04DB /* sad@2x.png */,
				E788229717A564F8002A04DB /* bg_default.jpg */,
				E788228C17A4B84C002A04DB /* icon_year.png */,
				E720EE7B179DF48C008DBDF8 /* icon_more.png */,
				056B41FE178F978100BA796E /* emot@2x.png */,
				056B41FC178F96F100BA796E /* emot.png */,
				05453E5A1786ED55007F7F72 /* angry.gif */,
				05453E5B1786ED55007F7F72 /* bg_click_here.png */,
				05453E5C1786ED55007F7F72 /* button_next.png */,
				05453E5D1786ED55007F7F72 /* button_pre.png */,
				05453E5E1786ED55007F7F72 /* happy.gif */,
				05453E5F1786ED55007F7F72 /* sad.gif */,
				05453E601786ED55007F7F72 /* share_to_time_line_icon.png */,
			);
			path = image;
			sourceTree = "<group>";
		};
		05453E681786ED5C007F7F72 /* view */ = {
			isa = PBXGroup;
			children = (
				E78822AF17A6B292002A04DB /* XLQMessageDialogo.h */,
				E78822B017A6B292002A04DB /* XLQMessageDialogo.m */,
				05453E691786ED81007F7F72 /* XLQCalendarCell.h */,
				05453E6A1786ED81007F7F72 /* XLQCalendarCell.m */,
				05453E6C1786F136007F7F72 /* XLQWeekButton.h */,
				05453E6D1786F136007F7F72 /* XLQWeekButton.m */,
				05453E6F1786F4B9007F7F72 /* XLQDayButton.h */,
				05453E701786F4B9007F7F72 /* XLQDayButton.m */,
				E720EE7D179DFBD4008DBDF8 /* XLQHeadView.h */,
				E720EE7E179DFBD4008DBDF8 /* XLQHeadView.m */,
				E788228E17A4BB48002A04DB /* XLQLeftMenuCell.h */,
				E788228F17A4BB48002A04DB /* XLQLeftMenuCell.m */,
			);
			name = view;
			sourceTree = "<group>";
		};
		05453E721786F7BC007F7F72 /* model */ = {
			isa = PBXGroup;
			children = (
				05453E731786F7DD007F7F72 /* XLQDayData.h */,
				05453E741786F7DD007F7F72 /* XLQDayData.m */,
				05453E761786F905007F7F72 /* XLQMood.h */,
				05453E771786F905007F7F72 /* XLQMood.m */,
				05453E791786FC8D007F7F72 /* XLQCalendarData.h */,
				05453E7A1786FC8D007F7F72 /* XLQCalendarData.m */,
				E720EE80179F5799008DBDF8 /* XLQMenuContent.h */,
				E720EE81179F5799008DBDF8 /* XLQMenuContent.m */,
			);
			name = model;
			sourceTree = "<group>";
		};
		05453E7C178713E8007F7F72 /* dao */ = {
			isa = PBXGroup;
			children = (
				05453E92178715FF007F7F72 /* XLQMoodDAO.h */,
				05453E93178715FF007F7F72 /* XLQMoodDAO.m */,
				05453E8F178715B3007F7F72 /* XLQDataBaseUtil.h */,
				05453E90178715B3007F7F72 /* XLQDataBaseUtil.m */,
			);
			name = dao;
			sourceTree = "<group>";
		};
		E720EE6C179DF210008DBDF8 /* ViewDeck */ = {
			isa = PBXGroup;
			children = (
				E720EE6D179DF210008DBDF8 /* IISideController.h */,
				E720EE6E179DF210008DBDF8 /* IISideController.m */,
				E720EE6F179DF210008DBDF8 /* IIViewDeckController.h */,
				E720EE70179DF210008DBDF8 /* IIViewDeckController.m */,
				E720EE71179DF210008DBDF8 /* IIWrapController.h */,
				E720EE72179DF210008DBDF8 /* IIWrapController.m */,
			);
			path = ViewDeck;
			sourceTree = "<group>";
		};
		E7DD668417945C77003EEFCC /* util */ = {
			isa = PBXGroup;
			children = (
				E78822B117A6B292002A04DB /* MBProgressHUD.h */,
				E78822B217A6B292002A04DB /* MBProgressHUD.m */,
				05212FAD178ED21E00667E58 /* XLQMobClickUtil.h */,
				05212FAE178ED21E00667E58 /* XLQMobClickUtil.m */,
				E7DD668517945CEA003EEFCC /* XLQUtil.h */,
				E7DD668617945CEA003EEFCC /* XLQUtil.m */,
				E78822AC17A6A26F002A04DB /* UIImage+Compress.h */,
				E78822AD17A6A26F002A04DB /* UIImage+Compress.m */,
			);
			name = util;
			sourceTree = "<group>";
		};
/* End PBXGroup section */

/* Begin PBXNativeTarget section */
		05453E351786EB14007F7F72 /* AngryGirl */ = {
			isa = PBXNativeTarget;
			buildConfigurationList = 05453E531786EB14007F7F72 /* Build configuration list for PBXNativeTarget "AngryGirl" */;
			buildPhases = (
				05453E321786EB14007F7F72 /* Sources */,
				05453E331786EB14007F7F72 /* Frameworks */,
				05453E341786EB14007F7F72 /* Resources */,
			);
			buildRules = (
			);
			dependencies = (
			);
			name = AngryGirl;
			productName = AngryGirl;
			productReference = 05453E361786EB14007F7F72 /* Angrygirl.app */;
			productType = "com.apple.product-type.application";
		};
/* End PBXNativeTarget section */

/* Begin PBXProject section */
		05453E2E1786EB14007F7F72 /* Project object */ = {
			isa = PBXProject;
			attributes = {
				CLASSPREFIX = XLQ;
				LastUpgradeCheck = 0460;
				ORGANIZATIONNAME = "胡尧";
			};
			buildConfigurationList = 05453E311786EB14007F7F72 /* Build configuration list for PBXProject "AngryGirl" */;
			compatibilityVersion = "Xcode 3.2";
			developmentRegion = English;
			hasScannedForEncodings = 0;
			knownRegions = (
				en,
			);
			mainGroup = 05453E2D1786EB14007F7F72;
			productRefGroup = 05453E371786EB14007F7F72 /* Products */;
			projectDirPath = "";
			projectRoot = "";
			targets = (
				05453E351786EB14007F7F72 /* AngryGirl */,
			);
		};
/* End PBXProject section */

/* Begin PBXResourcesBuildPhase section */
		05453E341786EB14007F7F72 /* Resources */ = {
			isa = PBXResourcesBuildPhase;
			buildActionMask = 2147483647;
			files = (
				05453E441786EB14007F7F72 /* InfoPlist.strings in Resources */,
				05453E4C1786EB14007F7F72 /* Default.png in Resources */,
				05453E4E1786EB14007F7F72 /* Default@2x.png in Resources */,
				05453E501786EB14007F7F72 /* Default-568h@2x.png in Resources */,
				05453E611786ED55007F7F72 /* angry.gif in Resources */,
				05453E621786ED55007F7F72 /* bg_click_here.png in Resources */,
				05453E631786ED55007F7F72 /* button_next.png in Resources */,
				05453E641786ED55007F7F72 /* button_pre.png in Resources */,
				05453E651786ED55007F7F72 /* happy.gif in Resources */,
				05453E661786ED55007F7F72 /* sad.gif in Resources */,
				05453E671786ED55007F7F72 /* share_to_time_line_icon.png in Resources */,
				056B41FD178F96F100BA796E /* emot.png in Resources */,
				056B41FF178F978100BA796E /* emot@2x.png in Resources */,
				E720EE7C179DF48C008DBDF8 /* icon_more.png in Resources */,
				E788228D17A4B84C002A04DB /* icon_year.png in Resources */,
				E788229817A564F8002A04DB /* bg_default.jpg in Resources */,
				E78822A117A68C17002A04DB /* angry.png in Resources */,
				E78822A217A68C17002A04DB /* angry@2x.png in Resources */,
				E78822A317A68C17002A04DB /* happy.png in Resources */,
				E78822A417A68C17002A04DB /* happy@2x.png in Resources */,
				E78822A517A68C17002A04DB /* icon_close.png in Resources */,
				E78822A617A68C17002A04DB /* icon_open.png in Resources */,
				E78822A717A68C17002A04DB /* sad.png in Resources */,
				E78822A817A68C17002A04DB /* sad@2x.png in Resources */,
			);
			runOnlyForDeploymentPostprocessing = 0;
		};
/* End PBXResourcesBuildPhase section */

/* Begin PBXSourcesBuildPhase section */
		05453E321786EB14007F7F72 /* Sources */ = {
			isa = PBXSourcesBuildPhase;
			buildActionMask = 2147483647;
			files = (
				05453E461786EB14007F7F72 /* main.m in Sources */,
				05453E4A1786EB14007F7F72 /* XLQAppDelegate.m in Sources */,
				05453E581786EB49007F7F72 /* XLQMainController.m in Sources */,
				05453E6B1786ED81007F7F72 /* XLQCalendarCell.m in Sources */,
				05453E6E1786F136007F7F72 /* XLQWeekButton.m in Sources */,
				05453E711786F4B9007F7F72 /* XLQDayButton.m in Sources */,
				05453E751786F7DD007F7F72 /* XLQDayData.m in Sources */,
				05453E781786F905007F7F72 /* XLQMood.m in Sources */,
				05453E7B1786FC8D007F7F72 /* XLQCalendarData.m in Sources */,
				05453E91178715B3007F7F72 /* XLQDataBaseUtil.m in Sources */,
				05453E94178715FF007F7F72 /* XLQMoodDAO.m in Sources */,
				05212FA5178ED1FA00667E58 /* FMDatabase.m in Sources */,
				05212FA6178ED1FA00667E58 /* FMDatabaseAdditions.m in Sources */,
				05212FA7178ED1FA00667E58 /* FMDatabasePool.m in Sources */,
				05212FA8178ED1FA00667E58 /* FMDatabaseQueue.m in Sources */,
				05212FAA178ED1FA00667E58 /* FMResultSet.m in Sources */,
				05212FAF178ED21E00667E58 /* XLQMobClickUtil.m in Sources */,
				E7DD66831794431E003EEFCC /* XLQDayDescViewController.m in Sources */,
				E7DD668717945CEA003EEFCC /* XLQUtil.m in Sources */,
				E720EE73179DF210008DBDF8 /* IISideController.m in Sources */,
				E720EE74179DF210008DBDF8 /* IIViewDeckController.m in Sources */,
				E720EE75179DF210008DBDF8 /* IIWrapController.m in Sources */,
				E720EE78179DF26D008DBDF8 /* XLQLeftMenuViewController.m in Sources */,
				E720EE7F179DFBD4008DBDF8 /* XLQHeadView.m in Sources */,
				E720EE82179F5799008DBDF8 /* XLQMenuContent.m in Sources */,
				E788229017A4BB48002A04DB /* XLQLeftMenuCell.m in Sources */,
				E78822AE17A6A26F002A04DB /* UIImage+Compress.m in Sources */,
				E78822B317A6B292002A04DB /* XLQMessageDialogo.m in Sources */,
				E78822B417A6B292002A04DB /* MBProgressHUD.m in Sources */,
			);
			runOnlyForDeploymentPostprocessing = 0;
		};
/* End PBXSourcesBuildPhase section */

/* Begin PBXVariantGroup section */
		05453E421786EB14007F7F72 /* InfoPlist.strings */ = {
			isa = PBXVariantGroup;
			children = (
				05453E431786EB14007F7F72 /* en */,
			);
			name = InfoPlist.strings;
			sourceTree = "<group>";
		};
/* End PBXVariantGroup section */

/* Begin XCBuildConfiguration section */
		05453E511786EB14007F7F72 /* Debug */ = {
			isa = XCBuildConfiguration;
			buildSettings = {
				ALWAYS_SEARCH_USER_PATHS = NO;
				CLANG_CXX_LANGUAGE_STANDARD = "gnu++0x";
				CLANG_CXX_LIBRARY = "libc++";
				CLANG_ENABLE_OBJC_ARC = YES;
				CLANG_WARN_CONSTANT_CONVERSION = YES;
				CLANG_WARN_EMPTY_BODY = YES;
				CLANG_WARN_ENUM_CONVERSION = YES;
				CLANG_WARN_INT_CONVERSION = YES;
				CLANG_WARN__DUPLICATE_METHOD_MATCH = YES;
				CODE_SIGN_IDENTITY = "iPhone Developer: yao hu (KKUB8KB86F)";
				"CODE_SIGN_IDENTITY[sdk=iphoneos*]" = "iPhone Developer: yao hu (KKUB8KB86F)";
				COPY_PHASE_STRIP = NO;
				GCC_C_LANGUAGE_STANDARD = gnu99;
				GCC_DYNAMIC_NO_PIC = NO;
				GCC_OPTIMIZATION_LEVEL = 0;
				GCC_PREPROCESSOR_DEFINITIONS = (
					"DEBUG=1",
					"$(inherited)",
				);
				GCC_SYMBOLS_PRIVATE_EXTERN = NO;
				GCC_WARN_ABOUT_RETURN_TYPE = YES;
				GCC_WARN_UNINITIALIZED_AUTOS = YES;
				GCC_WARN_UNUSED_VARIABLE = YES;
				IPHONEOS_DEPLOYMENT_TARGET = 6.1;
				ONLY_ACTIVE_ARCH = YES;
				PROVISIONING_PROFILE = "FDDBBE0F-18FD-4FD3-84A4-09606A2B53FF";
				"PROVISIONING_PROFILE[sdk=iphoneos*]" = "FDDBBE0F-18FD-4FD3-84A4-09606A2B53FF";
				SDKROOT = iphoneos;
			};
			name = Debug;
		};
		05453E521786EB14007F7F72 /* Release */ = {
			isa = XCBuildConfiguration;
			buildSettings = {
				ALWAYS_SEARCH_USER_PATHS = NO;
				CLANG_CXX_LANGUAGE_STANDARD = "gnu++0x";
				CLANG_CXX_LIBRARY = "libc++";
				CLANG_ENABLE_OBJC_ARC = YES;
				CLANG_WARN_CONSTANT_CONVERSION = YES;
				CLANG_WARN_EMPTY_BODY = YES;
				CLANG_WARN_ENUM_CONVERSION = YES;
				CLANG_WARN_INT_CONVERSION = YES;
				CLANG_WARN__DUPLICATE_METHOD_MATCH = YES;
				CODE_SIGN_IDENTITY = "iPhone Distribution: Yao hu (RE7Q8L2TUG)";
				"CODE_SIGN_IDENTITY[sdk=iphoneos*]" = "iPhone Distribution: Yao hu (RE7Q8L2TUG)";
				COPY_PHASE_STRIP = YES;
				GCC_C_LANGUAGE_STANDARD = gnu99;
				GCC_WARN_ABOUT_RETURN_TYPE = YES;
				GCC_WARN_UNINITIALIZED_AUTOS = YES;
				GCC_WARN_UNUSED_VARIABLE = YES;
				IPHONEOS_DEPLOYMENT_TARGET = 6.1;
				OTHER_CFLAGS = "-DNS_BLOCK_ASSERTIONS=1";
				PROVISIONING_PROFILE = "CE8646B4-31B8-4566-8083-98334FB6124C";
				"PROVISIONING_PROFILE[sdk=iphoneos*]" = "CE8646B4-31B8-4566-8083-98334FB6124C";
				SDKROOT = iphoneos;
				VALIDATE_PRODUCT = YES;
			};
			name = Release;
		};
		05453E541786EB14007F7F72 /* Debug */ = {
			isa = XCBuildConfiguration;
			buildSettings = {
				CODE_SIGN_IDENTITY = "iPhone Developer: yao hu (KKUB8KB86F)";
				"CODE_SIGN_IDENTITY[sdk=iphoneos*]" = "iPhone Developer: yao hu (KKUB8KB86F)";
				GCC_PRECOMPILE_PREFIX_HEADER = YES;
				GCC_PREFIX_HEADER = "AngryGirl/AngryGirl-Prefix.pch";
				INFOPLIST_FILE = "AngryGirl/AngryGirl-Info.plist";
				LIBRARY_SEARCH_PATHS = (
					"$(inherited)",
					"\"$(SRCROOT)/lib/umeng\"",
					"\"$(SRCROOT)/lib/weixin\"",
				);
				PRODUCT_NAME = Angrygirl;
				PROVISIONING_PROFILE = "C99D8310-0FF5-435C-AE45-AEC950574AD5";
				"PROVISIONING_PROFILE[sdk=iphoneos*]" = "C99D8310-0FF5-435C-AE45-AEC950574AD5";
				WRAPPER_EXTENSION = app;
			};
			name = Debug;
		};
		05453E551786EB14007F7F72 /* Release */ = {
			isa = XCBuildConfiguration;
			buildSettings = {
				CODE_SIGN_IDENTITY = "iPhone Developer: yao hu (KKUB8KB86F)";
				"CODE_SIGN_IDENTITY[sdk=iphoneos*]" = "iPhone Developer: yao hu (KKUB8KB86F)";
				GCC_PRECOMPILE_PREFIX_HEADER = YES;
				GCC_PREFIX_HEADER = "AngryGirl/AngryGirl-Prefix.pch";
				INFOPLIST_FILE = "AngryGirl/AngryGirl-Info.plist";
				LIBRARY_SEARCH_PATHS = (
					"$(inherited)",
					"\"$(SRCROOT)/lib/umeng\"",
					"\"$(SRCROOT)/lib/weixin\"",
				);
				PRODUCT_NAME = Angrygirl;
				PROVISIONING_PROFILE = "C99D8310-0FF5-435C-AE45-AEC950574AD5";
				"PROVISIONING_PROFILE[sdk=iphoneos*]" = "C99D8310-0FF5-435C-AE45-AEC950574AD5";
				WRAPPER_EXTENSION = app;
			};
			name = Release;
		};
/* End XCBuildConfiguration section */

/* Begin XCConfigurationList section */
		05453E311786EB14007F7F72 /* Build configuration list for PBXProject "AngryGirl" */ = {
			isa = XCConfigurationList;
			buildConfigurations = (
				05453E511786EB14007F7F72 /* Debug */,
				05453E521786EB14007F7F72 /* Release */,
			);
			defaultConfigurationIsVisible = 0;
			defaultConfigurationName = Release;
		};
		05453E531786EB14007F7F72 /* Build configuration list for PBXNativeTarget "AngryGirl" */ = {
			isa = XCConfigurationList;
			buildConfigurations = (
				05453E541786EB14007F7F72 /* Debug */,
				05453E551786EB14007F7F72 /* Release */,
			);
			defaultConfigurationIsVisible = 0;
			defaultConfigurationName = Release;
		};
/* End XCConfigurationList section */
	};
	rootObject = 05453E2E1786EB14007F7F72 /* Project object */;
}
